
Microsoft Visual Studio Solution File, Format Version 12.00
# Visual Studio Version 17
VisualStudioVersion = 17.3.32929.385
MinimumVisualStudioVersion = 10.0.40219.1
Project("{FAE04EC0-301F-11D3-BF4B-00C04F79EFBC}") = "RabbitMQ.Producer", "RabbitMQ.Producer\RabbitMQ.Producer.csproj", "{16C1CAFC-6230-4884-8185-988CDC1E6935}"
EndProject
Project("{FAE04EC0-301F-11D3-BF4B-00C04F79EFBC}") = "RabbitMQ.Consumer", "RabbitMQ.Consumer\RabbitMQ.Consumer.csproj", "{D2EDA78C-68D0-49ED-BC91-4F4B22D8B0C1}"
EndProject
Global
	GlobalSection(SolutionConfigurationPlatforms) = preSolution
		Debug|Any CPU = Debug|Any CPU
		Release|Any CPU = Release|Any CPU
	EndGlobalSection
	GlobalSection(ProjectConfigurationPlatforms) = postSolution
		{16C1CAFC-6230-4884-8185-988CDC1E6935}.Debug|Any CPU.ActiveCfg = Debug|Any CPU
		{16C1CAFC-6230-4884-8185-988CDC1E6935}.Debug|Any CPU.Build.0 = Debug|Any CPU
		{16C1CAFC-6230-4884-8185-988CDC1E6935}.Release|Any CPU.ActiveCfg = Release|Any CPU
		{16C1CAFC-6230-4884-8185-988CDC1E6935}.Release|Any CPU.Build.0 = Release|Any CPU
		{D2EDA78C-68D0-49ED-BC91-4F4B22D8B0C1}.Debug|Any CPU.ActiveCfg = Debug|Any CPU
		{D2EDA78C-68D0-49ED-BC91-4F4B22D8B0C1}.Debug|Any CPU.Build.0 = Debug|Any CPU
		{D2EDA78C-68D0-49ED-BC91-4F4B22D8B0C1}.Release|Any CPU.ActiveCfg = Release|Any CPU
		{D2EDA78C-68D0-49ED-BC91-4F4B22D8B0C1}.Release|Any CPU.Build.0 = Release|Any CPU
	EndGlobalSection
	GlobalSection(SolutionProperties) = preSolution
		HideSolutionNode = FALSE
	EndGlobalSection
	GlobalSection(ExtensibilityGlobals) = postSolution
		SolutionGuid = {9DFCF7BE-4F48-4B2C-B68C-7EB7543A57CC}
	EndGlobalSection
EndGlobal
